
Microsoft Visual Studio Solution File, Format Version 12.00
# Visual Studio 14
VisualStudioVersion = 14.0.25420.1
MinimumVisualStudioVersion = 10.0.40219.1
Project("{FAE04EC0-301F-11D3-BF4B-00C04F79EFBC}") = "Mach3Extender", "Mach3Extender\Mach3Extender.csproj", "{4F08DB32-AEB0-4BED-9B9D-07C4F6F491AF}"
EndProject
Project("{54435603-DBB4-11D2-8724-00A0C9A8B90C}") = "M3EX", "M3EX\M3EX.vdproj", "{B0415B62-9DF3-4F7F-82FE-BC0725153993}"
EndProject
Global
	GlobalSection(SolutionConfigurationPlatforms) = preSolution
		Debug|Any CPU = Debug|Any CPU
		Release|Any CPU = Release|Any CPU
	EndGlobalSection
	GlobalSection(ProjectConfigurationPlatforms) = postSolution
		{4F08DB32-AEB0-4BED-9B9D-07C4F6F491AF}.Debug|Any CPU.ActiveCfg = Debug|Any CPU
		{4F08DB32-AEB0-4BED-9B9D-07C4F6F491AF}.Debug|Any CPU.Build.0 = Debug|Any CPU
		{4F08DB32-AEB0-4BED-9B9D-07C4F6F491AF}.Release|Any CPU.ActiveCfg = Release|Any CPU
		{4F08DB32-AEB0-4BED-9B9D-07C4F6F491AF}.Release|Any CPU.Build.0 = Release|Any CPU
		{B0415B62-9DF3-4F7F-82FE-BC0725153993}.Debug|Any CPU.ActiveCfg = Debug
		{B0415B62-9DF3-4F7F-82FE-BC0725153993}.Debug|Any CPU.Build.0 = Debug
		{B0415B62-9DF3-4F7F-82FE-BC0725153993}.Release|Any CPU.ActiveCfg = Release
	EndGlobalSection
	GlobalSection(SolutionProperties) = preSolution
		HideSolutionNode = FALSE
	EndGlobalSection
EndGlobal
